
Microsoft Visual Studio Solution File, Format Version 12.00
# Visual Studio Version 17
VisualStudioVersion = 17.8.34525.116
MinimumVisualStudioVersion = 10.0.40219.1
Project("{FAE04EC0-301F-11D3-BF4B-00C04F79EFBC}") = "Trader.BE", "Trader.BE\Trader.BE.csproj", "{512A78DD-98E7-4D50-9D3A-1E87E3765CBD}"
EndProject
Global
	GlobalSection(SolutionConfigurationPlatforms) = preSolution
		Debug|Any CPU = Debug|Any CPU
		Release|Any CPU = Release|Any CPU
	EndGlobalSection
	GlobalSection(ProjectConfigurationPlatforms) = postSolution
		{512A78DD-98E7-4D50-9D3A-1E87E3765CBD}.Debug|Any CPU.ActiveCfg = Debug|Any CPU
		{512A78DD-98E7-4D50-9D3A-1E87E3765CBD}.Debug|Any CPU.Build.0 = Debug|Any CPU
		{512A78DD-98E7-4D50-9D3A-1E87E3765CBD}.Release|Any CPU.ActiveCfg = Release|Any CPU
		{512A78DD-98E7-4D50-9D3A-1E87E3765CBD}.Release|Any CPU.Build.0 = Release|Any CPU
	EndGlobalSection
	GlobalSection(SolutionProperties) = preSolution
		HideSolutionNode = FALSE
	EndGlobalSection
	GlobalSection(ExtensibilityGlobals) = postSolution
		SolutionGuid = {F0AB3187-7B69-4CC0-B773-D687980800BF}
	EndGlobalSection
EndGlobal
